
Microsoft Visual Studio Solution File, Format Version 12.00
# Visual Studio Version 16
VisualStudioVersion = 16.0.30114.105
MinimumVisualStudioVersion = 10.0.40219.1
Project("{2150E333-8FDC-42A3-9474-1A3956D46DE8}") = "src", "src", "{27BD249B-5641-4A2A-A80D-649B2A90679A}"
EndProject
Project("{FAE04EC0-301F-11D3-BF4B-00C04F79EFBC}") = "CommandAPI", "src\CommandAPI\CommandAPI.csproj", "{CD7D5A33-86BF-4B16-B84E-A427136D3EE1}"
EndProject
Project("{2150E333-8FDC-42A3-9474-1A3956D46DE8}") = "test", "test", "{349E6022-DFE2-4130-85A4-842701117BC2}"
EndProject
Project("{FAE04EC0-301F-11D3-BF4B-00C04F79EFBC}") = "CommandAPI.PerfTests", "test\CommandAPI.PerfTests\CommandAPI.PerfTests.csproj", "{8A26F561-7840-4B34-87B8-03823EE1168D}"
EndProject
Project("{FAE04EC0-301F-11D3-BF4B-00C04F79EFBC}") = "CommandAPI.ApiTests", "test\CommandAPI.ApiTests\CommandAPI.ApiTests.csproj", "{A288AD17-DFCB-4EC0-8136-D70471DE8E15}"
EndProject
Global
	GlobalSection(SolutionConfigurationPlatforms) = preSolution
		Debug|Any CPU = Debug|Any CPU
		Release|Any CPU = Release|Any CPU
	EndGlobalSection
	GlobalSection(SolutionProperties) = preSolution
		HideSolutionNode = FALSE
	EndGlobalSection
	GlobalSection(ProjectConfigurationPlatforms) = postSolution
		{CD7D5A33-86BF-4B16-B84E-A427136D3EE1}.Debug|Any CPU.ActiveCfg = Debug|Any CPU
		{CD7D5A33-86BF-4B16-B84E-A427136D3EE1}.Debug|Any CPU.Build.0 = Debug|Any CPU
		{CD7D5A33-86BF-4B16-B84E-A427136D3EE1}.Release|Any CPU.ActiveCfg = Release|Any CPU
		{CD7D5A33-86BF-4B16-B84E-A427136D3EE1}.Release|Any CPU.Build.0 = Release|Any CPU
		{8A26F561-7840-4B34-87B8-03823EE1168D}.Debug|Any CPU.ActiveCfg = Debug|Any CPU
		{8A26F561-7840-4B34-87B8-03823EE1168D}.Debug|Any CPU.Build.0 = Debug|Any CPU
		{8A26F561-7840-4B34-87B8-03823EE1168D}.Release|Any CPU.ActiveCfg = Release|Any CPU
		{8A26F561-7840-4B34-87B8-03823EE1168D}.Release|Any CPU.Build.0 = Release|Any CPU
		{A288AD17-DFCB-4EC0-8136-D70471DE8E15}.Debug|Any CPU.ActiveCfg = Debug|Any CPU
		{A288AD17-DFCB-4EC0-8136-D70471DE8E15}.Debug|Any CPU.Build.0 = Debug|Any CPU
		{A288AD17-DFCB-4EC0-8136-D70471DE8E15}.Release|Any CPU.ActiveCfg = Release|Any CPU
		{A288AD17-DFCB-4EC0-8136-D70471DE8E15}.Release|Any CPU.Build.0 = Release|Any CPU
	EndGlobalSection
	GlobalSection(NestedProjects) = preSolution
		{CD7D5A33-86BF-4B16-B84E-A427136D3EE1} = {27BD249B-5641-4A2A-A80D-649B2A90679A}
		{8A26F561-7840-4B34-87B8-03823EE1168D} = {349E6022-DFE2-4130-85A4-842701117BC2}
		{A288AD17-DFCB-4EC0-8136-D70471DE8E15} = {349E6022-DFE2-4130-85A4-842701117BC2}
	EndGlobalSection
EndGlobal
